
Microsoft Visual Studio Solution File, Format Version 12.00
# Visual Studio 15
VisualStudioVersion = 15.0.27703.2000
MinimumVisualStudioVersion = 10.0.40219.1
Project("{FAE04EC0-301F-11D3-BF4B-00C04F79EFBC}") = "Dashboard", "Dashboard\Dashboard.csproj", "{D63368E3-3726-4308-8BE8-FDAEBD51FDCB}"
EndProject
Global
	GlobalSection(SolutionConfigurationPlatforms) = preSolution
		Debug|Any CPU = Debug|Any CPU
		Release|Any CPU = Release|Any CPU
	EndGlobalSection
	GlobalSection(ProjectConfigurationPlatforms) = postSolution
		{D63368E3-3726-4308-8BE8-FDAEBD51FDCB}.Debug|Any CPU.ActiveCfg = Debug|Any CPU
		{D63368E3-3726-4308-8BE8-FDAEBD51FDCB}.Debug|Any CPU.Build.0 = Debug|Any CPU
		{D63368E3-3726-4308-8BE8-FDAEBD51FDCB}.Release|Any CPU.ActiveCfg = Release|Any CPU
		{D63368E3-3726-4308-8BE8-FDAEBD51FDCB}.Release|Any CPU.Build.0 = Release|Any CPU
	EndGlobalSection
	GlobalSection(SolutionProperties) = preSolution
		HideSolutionNode = FALSE
	EndGlobalSection
	GlobalSection(ExtensibilityGlobals) = postSolution
		SolutionGuid = {42C00870-C311-44A2-9C97-92FF403400F8}
	EndGlobalSection
EndGlobal
